{
  "version": 4,
  "terraform_version": "0.12.6",
  "serial": 32,
  "lineage": "6df0471c-94d4-1ef1-3d4f-9c083f329a80",
  "outputs": {},
  "resources": [
    {
      "mode": "managed",
      "type": "google_compute_firewall",
      "name": "default",
      "provider": "provider.google",
      "instances": [
        {
          "schema_version": 1,
          "attributes": {
            "allow": [
              {
                "ports": [
                  "0-65534"
                ],
                "protocol": "tcp"
              }
            ],
            "creation_timestamp": "2019-08-08T05:19:59.610-07:00",
            "deny": [],
            "description": "",
            "destination_ranges": [],
            "direction": "INGRESS",
            "disabled": false,
            "id": "allow-all-traffic",
            "name": "allow-all-traffic",
            "network": "https://www.googleapis.com/compute/v1/projects/my-cd-pipeline-249116/global/networks/default",
            "priority": 1000,
            "project": "my-cd-pipeline-249116",
            "self_link": "https://www.googleapis.com/compute/v1/projects/my-cd-pipeline-249116/global/firewalls/allow-all-traffic",
            "source_ranges": [
              "0.0.0.0/0"
            ],
            "source_service_accounts": [],
            "source_tags": [],
            "target_service_accounts": [],
            "target_tags": [],
            "timeouts": null
          },
          "private": "eyJlMmJmYjczMC1lY2FhLTExZTYtOGY4OC0zNDM2M2JjN2M0YzAiOnsiY3JlYXRlIjoyNDAwMDAwMDAwMDAsImRlbGV0ZSI6MjQwMDAwMDAwMDAwLCJ1cGRhdGUiOjI0MDAwMDAwMDAwMH0sInNjaGVtYV92ZXJzaW9uIjoiMSJ9"
        }
      ]
    },
    {
      "mode": "managed",
      "type": "google_compute_instance",
      "name": "concourse",
      "provider": "provider.google",
      "instances": [
        {
          "schema_version": 6,
          "attributes": {
            "allow_stopping_for_update": null,
            "attached_disk": [],
            "boot_disk": [
              {
                "auto_delete": true,
                "device_name": "persistent-disk-0",
                "disk_encryption_key_raw": "",
                "disk_encryption_key_sha256": "",
                "initialize_params": [
                  {
                    "image": "https://www.googleapis.com/compute/v1/projects/debian-cloud/global/images/debian-9-stretch-v20190729",
                    "labels": {},
                    "size": 10,
                    "type": "pd-standard"
                  }
                ],
                "kms_key_self_link": "",
                "source": "https://www.googleapis.com/compute/v1/projects/my-cd-pipeline-249116/zones/us-west1-b/disks/concourse"
              }
            ],
            "can_ip_forward": false,
            "cpu_platform": "Intel Broadwell",
            "deletion_protection": false,
            "description": null,
            "disk": [],
            "guest_accelerator": [],
            "hostname": "",
            "id": "concourse",
            "instance_id": "8751104753823493535",
            "label_fingerprint": "42WmSpB8rSM=",
            "labels": {},
            "machine_type": "n1-standard-1",
            "metadata": {
              "startup-script": "#!/bin/bash\napt-get update \u0026\u0026 \\\napt-get install -y postgresql-9.6  \u0026\u0026 \\\nsystemctl start postgresql \u0026\u0026 \\\nsudo -u postgres psql -c \"CREATE USER concourse WITH PASSWORD 'concourse';\"  \u0026\u0026 \\\nsudo -u postgres createdb --owner=concourse atc  \u0026\u0026 \\\nsudo -u postgres psql -c 'grant all privileges on database atc to concourse;' \u0026\u0026 \\\ncurl -L https://github.com/concourse/concourse/releases/download/v4.2.2/concourse_linux_amd64 -o concourse \u0026\u0026 \\\nchmod +x concourse \u0026\u0026 \\\nmv concourse /usr/local/bin/concourse \u0026\u0026 \\\nconcourse quickstart \\\n--add-local-user myuser:mypass \\\n--main-team-local-user myuser \\\n--external-url \"http://$(curl -s -H 'Metadata-Flavor: Google' http://169.254.169.254/computeMetadata/v1/instance/network-interfaces/0/access-configs/0/external-ip):8080\" \\\n--worker-work-dir /opt/concourse/worker \\\n--postgres-user concourse \\\n--postgres-password concourse \u0026\n\n"
            },
            "metadata_fingerprint": "teBrD_oziyY=",
            "metadata_startup_script": null,
            "min_cpu_platform": "",
            "name": "concourse",
            "network_interface": [
              {
                "access_config": [
                  {
                    "assigned_nat_ip": "",
                    "nat_ip": "35.203.162.150",
                    "network_tier": "PREMIUM",
                    "public_ptr_domain_name": ""
                  }
                ],
                "address": "",
                "alias_ip_range": [],
                "name": "nic0",
                "network": "https://www.googleapis.com/compute/v1/projects/my-cd-pipeline-249116/global/networks/default",
                "network_ip": "10.138.0.8",
                "subnetwork": "https://www.googleapis.com/compute/v1/projects/my-cd-pipeline-249116/regions/us-west1/subnetworks/default",
                "subnetwork_project": "my-cd-pipeline-249116"
              }
            ],
            "project": "my-cd-pipeline-249116",
            "scheduling": [
              {
                "automatic_restart": true,
                "node_affinities": [],
                "on_host_maintenance": "MIGRATE",
                "preemptible": false
              }
            ],
            "scratch_disk": [],
            "self_link": "https://www.googleapis.com/compute/v1/projects/my-cd-pipeline-249116/zones/us-west1-b/instances/concourse",
            "service_account": [],
            "shielded_instance_config": [],
            "tags": [],
            "tags_fingerprint": "42WmSpB8rSM=",
            "timeouts": null,
            "zone": "us-west1-b"
          },
          "private": "eyJlMmJmYjczMC1lY2FhLTExZTYtOGY4OC0zNDM2M2JjN2M0YzAiOnsiY3JlYXRlIjoxMjAwMDAwMDAwMDAwLCJkZWxldGUiOjEyMDAwMDAwMDAwMDAsInVwZGF0ZSI6MTIwMDAwMDAwMDAwMH0sInNjaGVtYV92ZXJzaW9uIjoiNiJ9"
        }
      ]
    },
    {
      "mode": "managed",
      "type": "google_compute_instance",
      "name": "grafana",
      "provider": "provider.google",
      "instances": [
        {
          "schema_version": 6,
          "attributes": {
            "allow_stopping_for_update": null,
            "attached_disk": [],
            "boot_disk": [
              {
                "auto_delete": true,
                "device_name": "persistent-disk-0",
                "disk_encryption_key_raw": "",
                "disk_encryption_key_sha256": "",
                "initialize_params": [
                  {
                    "image": "https://www.googleapis.com/compute/v1/projects/debian-cloud/global/images/debian-9-stretch-v20190729",
                    "labels": {},
                    "size": 10,
                    "type": "pd-standard"
                  }
                ],
                "kms_key_self_link": "",
                "source": "https://www.googleapis.com/compute/v1/projects/my-cd-pipeline-249116/zones/us-west1-b/disks/grafana"
              }
            ],
            "can_ip_forward": false,
            "cpu_platform": "Intel Broadwell",
            "deletion_protection": false,
            "description": null,
            "disk": [],
            "guest_accelerator": [],
            "hostname": "",
            "id": "grafana",
            "instance_id": "8671710286197140895",
            "label_fingerprint": "42WmSpB8rSM=",
            "labels": {},
            "machine_type": "n1-standard-1",
            "metadata": {
              "startup-script": "#!/bin/bash\ncurl -sOL https://dl.grafana.com/oss/release/grafana-5.4.3.linux-amd64.tar.gz \u0026\u0026 \\\ntar -zxvf grafana-5.4.3.linux-amd64.tar.gz  \u0026\u0026 \\\ncd grafana-5.4.3 \u0026\u0026 \\\nchmod +x ./bin/grafana-server \u0026\u0026 \\\nbin/grafana-server \u0026\n"
            },
            "metadata_fingerprint": "IIKyBmDy_BI=",
            "metadata_startup_script": null,
            "min_cpu_platform": "",
            "name": "grafana",
            "network_interface": [
              {
                "access_config": [
                  {
                    "assigned_nat_ip": "",
                    "nat_ip": "35.197.65.118",
                    "network_tier": "PREMIUM",
                    "public_ptr_domain_name": ""
                  }
                ],
                "address": "",
                "alias_ip_range": [],
                "name": "nic0",
                "network": "https://www.googleapis.com/compute/v1/projects/my-cd-pipeline-249116/global/networks/default",
                "network_ip": "10.138.0.10",
                "subnetwork": "https://www.googleapis.com/compute/v1/projects/my-cd-pipeline-249116/regions/us-west1/subnetworks/default",
                "subnetwork_project": "my-cd-pipeline-249116"
              }
            ],
            "project": "my-cd-pipeline-249116",
            "scheduling": [
              {
                "automatic_restart": true,
                "node_affinities": [],
                "on_host_maintenance": "MIGRATE",
                "preemptible": false
              }
            ],
            "scratch_disk": [],
            "self_link": "https://www.googleapis.com/compute/v1/projects/my-cd-pipeline-249116/zones/us-west1-b/instances/grafana",
            "service_account": [],
            "shielded_instance_config": [],
            "tags": [],
            "tags_fingerprint": "42WmSpB8rSM=",
            "timeouts": null,
            "zone": "us-west1-b"
          },
          "private": "eyJlMmJmYjczMC1lY2FhLTExZTYtOGY4OC0zNDM2M2JjN2M0YzAiOnsiY3JlYXRlIjoxMjAwMDAwMDAwMDAwLCJkZWxldGUiOjEyMDAwMDAwMDAwMDAsInVwZGF0ZSI6MTIwMDAwMDAwMDAwMH0sInNjaGVtYV92ZXJzaW9uIjoiNiJ9"
        }
      ]
    },
    {
      "mode": "managed",
      "type": "google_compute_instance",
      "name": "prometheus",
      "provider": "provider.google",
      "instances": [
        {
          "schema_version": 6,
          "attributes": {
            "allow_stopping_for_update": null,
            "attached_disk": [],
            "boot_disk": [
              {
                "auto_delete": true,
                "device_name": "persistent-disk-0",
                "disk_encryption_key_raw": "",
                "disk_encryption_key_sha256": "",
                "initialize_params": [
                  {
                    "image": "https://www.googleapis.com/compute/v1/projects/debian-cloud/global/images/debian-9-stretch-v20190729",
                    "labels": {},
                    "size": 10,
                    "type": "pd-standard"
                  }
                ],
                "kms_key_self_link": "",
                "source": "https://www.googleapis.com/compute/v1/projects/my-cd-pipeline-249116/zones/us-west1-b/disks/prometheus"
              }
            ],
            "can_ip_forward": false,
            "cpu_platform": "Intel Broadwell",
            "deletion_protection": false,
            "description": null,
            "disk": [],
            "guest_accelerator": [],
            "hostname": "",
            "id": "prometheus",
            "instance_id": "3428620172102053279",
            "label_fingerprint": "42WmSpB8rSM=",
            "labels": {},
            "machine_type": "n1-standard-1",
            "metadata": {
              "startup-script": "#!/bin/bash\ncurl -sOL https://github.com/prometheus/prometheus/releases/download/v2.6.1/prometheus-2.6.1.linux-amd64.tar.gz \u0026\u0026 \\\ntar xvfz prometheus-2.6.1.linux-amd64.tar.gz \u0026\u0026 \\\ncd prometheus-2.6.1.linux-amd64 \u0026\u0026 \\\nchmod +x prometheus \u0026\u0026 \\\n./prometheus --config.file=prometheus.yml \u0026\n"
            },
            "metadata_fingerprint": "PgUP94mkt7o=",
            "metadata_startup_script": null,
            "min_cpu_platform": "",
            "name": "prometheus",
            "network_interface": [
              {
                "access_config": [
                  {
                    "assigned_nat_ip": "",
                    "nat_ip": "35.233.199.143",
                    "network_tier": "PREMIUM",
                    "public_ptr_domain_name": ""
                  }
                ],
                "address": "",
                "alias_ip_range": [],
                "name": "nic0",
                "network": "https://www.googleapis.com/compute/v1/projects/my-cd-pipeline-249116/global/networks/default",
                "network_ip": "10.138.0.9",
                "subnetwork": "https://www.googleapis.com/compute/v1/projects/my-cd-pipeline-249116/regions/us-west1/subnetworks/default",
                "subnetwork_project": "my-cd-pipeline-249116"
              }
            ],
            "project": "my-cd-pipeline-249116",
            "scheduling": [
              {
                "automatic_restart": true,
                "node_affinities": [],
                "on_host_maintenance": "MIGRATE",
                "preemptible": false
              }
            ],
            "scratch_disk": [],
            "self_link": "https://www.googleapis.com/compute/v1/projects/my-cd-pipeline-249116/zones/us-west1-b/instances/prometheus",
            "service_account": [],
            "shielded_instance_config": [],
            "tags": [],
            "tags_fingerprint": "42WmSpB8rSM=",
            "timeouts": null,
            "zone": "us-west1-b"
          },
          "private": "eyJlMmJmYjczMC1lY2FhLTExZTYtOGY4OC0zNDM2M2JjN2M0YzAiOnsiY3JlYXRlIjoxMjAwMDAwMDAwMDAwLCJkZWxldGUiOjEyMDAwMDAwMDAwMDAsInVwZGF0ZSI6MTIwMDAwMDAwMDAwMH0sInNjaGVtYV92ZXJzaW9uIjoiNiJ9"
        }
      ]
    }
  ]
}
